
Microsoft Visual Studio Solution File, Format Version 12.00
# Visual Studio Version 17
VisualStudioVersion = 17.14.37012.4
MinimumVisualStudioVersion = 10.0.40219.1
Project("{FAE04EC0-301F-11D3-BF4B-00C04F79EFBC}") = "K-Envoy", "K-Envoy.csproj", "{51B726E4-C329-4EBF-BE62-7AE09D65A9B6}"
EndProject
Global
	GlobalSection(SolutionConfigurationPlatforms) = preSolution
		Debug|Any CPU = Debug|Any CPU
		Release|Any CPU = Release|Any CPU
	EndGlobalSection
	GlobalSection(ProjectConfigurationPlatforms) = postSolution
		{51B726E4-C329-4EBF-BE62-7AE09D65A9B6}.Debug|Any CPU.ActiveCfg = Debug|Any CPU
		{51B726E4-C329-4EBF-BE62-7AE09D65A9B6}.Debug|Any CPU.Build.0 = Debug|Any CPU
		{51B726E4-C329-4EBF-BE62-7AE09D65A9B6}.Release|Any CPU.ActiveCfg = Release|Any CPU
		{51B726E4-C329-4EBF-BE62-7AE09D65A9B6}.Release|Any CPU.Build.0 = Release|Any CPU
	EndGlobalSection
	GlobalSection(SolutionProperties) = preSolution
		HideSolutionNode = FALSE
	EndGlobalSection
	GlobalSection(ExtensibilityGlobals) = postSolution
		SolutionGuid = {EC5CDF55-BFA3-423A-9FBE-2D9A0F95065B}
	EndGlobalSection
EndGlobal
